// !$*UTF8*$!
{
	archiveVersion = 1;
	classes = {
	};
	objectVersion = 52;
	objects = {

/* Begin PBXBuildFile section */
		527E9DCF2457D23400DAD0E1 /* AppDelegate.swift in Sources */ = {isa = PBXBuildFile; fileRef = 527E9DCE2457D23400DAD0E1 /* AppDelegate.swift */; };
		527E9DD32457D23500DAD0E1 /* Assets.xcassets in Resources */ = {isa = PBXBuildFile; fileRef = 527E9DD22457D23500DAD0E1 /* Assets.xcassets */; };
		527E9DD62457D23500DAD0E1 /* Preview Assets.xcassets in Resources */ = {isa = PBXBuildFile; fileRef = 527E9DD52457D23500DAD0E1 /* Preview Assets.xcassets */; };
		527E9DD92457D23500DAD0E1 /* Main.storyboard in Resources */ = {isa = PBXBuildFile; fileRef = 527E9DD72457D23500DAD0E1 /* Main.storyboard */; };
		527E9DE52457D23500DAD0E1 /* TodoAppTests.swift in Sources */ = {isa = PBXBuildFile; fileRef = 527E9DE42457D23500DAD0E1 /* TodoAppTests.swift */; };
		527E9DF02457D23500DAD0E1 /* TodoAppUITests.swift in Sources */ = {isa = PBXBuildFile; fileRef = 527E9DEF2457D23500DAD0E1 /* TodoAppUITests.swift */; };
		527E9DFF2457D34700DAD0E1 /* RxGRDB in Frameworks */ = {isa = PBXBuildFile; productRef = 527E9DFE2457D34700DAD0E1 /* RxGRDB */; };
		527E9E012457F68700DAD0E1 /* AppDatabase.swift in Sources */ = {isa = PBXBuildFile; fileRef = 527E9E002457F68700DAD0E1 /* AppDatabase.swift */; };
		527E9E04245808E500DAD0E1 /* ToDoTask.swift in Sources */ = {isa = PBXBuildFile; fileRef = 527E9E03245808E500DAD0E1 /* ToDoTask.swift */; };
		527E9E062458124000DAD0E1 /* DbContext.swift in Sources */ = {isa = PBXBuildFile; fileRef = 527E9E052458124000DAD0E1 /* DbContext.swift */; };
		527E9E08245812B900DAD0E1 /* DbManager.swift in Sources */ = {isa = PBXBuildFile; fileRef = 527E9E07245812B900DAD0E1 /* DbManager.swift */; };
		527E9E0A2458197800DAD0E1 /* ToDoTaskManager.swift in Sources */ = {isa = PBXBuildFile; fileRef = 527E9E092458197800DAD0E1 /* ToDoTaskManager.swift */; };
		BFDE867E26F2B6F30099D516 /* TestClass.swift in Sources */ = {isa = PBXBuildFile; fileRef = BFDE867D26F2B6F30099D516 /* TestClass.swift */; };
/* End PBXBuildFile section */

/* Begin PBXContainerItemProxy section */
		527E9DE12457D23500DAD0E1 /* PBXContainerItemProxy */ = {
			isa = PBXContainerItemProxy;
			containerPortal = 527E9DC32457D23400DAD0E1 /* Project object */;
			proxyType = 1;
			remoteGlobalIDString = 527E9DCA2457D23400DAD0E1;
			remoteInfo = TodoApp;
		};
		527E9DEC2457D23500DAD0E1 /* PBXContainerItemProxy */ = {
			isa = PBXContainerItemProxy;
			containerPortal = 527E9DC32457D23400DAD0E1 /* Project object */;
			proxyType = 1;
			remoteGlobalIDString = 527E9DCA2457D23400DAD0E1;
			remoteInfo = TodoApp;
		};
/* End PBXContainerItemProxy section */

/* Begin PBXFileReference section */
		527E9DCB2457D23400DAD0E1 /* TodoApp.app */ = {isa = PBXFileReference; explicitFileType = wrapper.application; includeInIndex = 0; path = TodoApp.app; sourceTree = BUILT_PRODUCTS_DIR; };
		527E9DCE2457D23400DAD0E1 /* AppDelegate.swift */ = {isa = PBXFileReference; lastKnownFileType = sourcecode.swift; path = AppDelegate.swift; sourceTree = "<group>"; };
		527E9DD22457D23500DAD0E1 /* Assets.xcassets */ = {isa = PBXFileReference; lastKnownFileType = folder.assetcatalog; path = Assets.xcassets; sourceTree = "<group>"; };
		527E9DD52457D23500DAD0E1 /* Preview Assets.xcassets */ = {isa = PBXFileReference; lastKnownFileType = folder.assetcatalog; path = "Preview Assets.xcassets"; sourceTree = "<group>"; };
		527E9DD82457D23500DAD0E1 /* Base */ = {isa = PBXFileReference; lastKnownFileType = file.storyboard; name = Base; path = Base.lproj/Main.storyboard; sourceTree = "<group>"; };
		527E9DDA2457D23500DAD0E1 /* Info.plist */ = {isa = PBXFileReference; lastKnownFileType = text.plist.xml; path = Info.plist; sourceTree = "<group>"; };
		527E9DDB2457D23500DAD0E1 /* TodoApp.entitlements */ = {isa = PBXFileReference; lastKnownFileType = text.plist.entitlements; path = TodoApp.entitlements; sourceTree = "<group>"; };
		527E9DE02457D23500DAD0E1 /* TodoAppTests.xctest */ = {isa = PBXFileReference; explicitFileType = wrapper.cfbundle; includeInIndex = 0; path = TodoAppTests.xctest; sourceTree = BUILT_PRODUCTS_DIR; };
		527E9DE42457D23500DAD0E1 /* TodoAppTests.swift */ = {isa = PBXFileReference; lastKnownFileType = sourcecode.swift; path = TodoAppTests.swift; sourceTree = "<group>"; };
		527E9DE62457D23500DAD0E1 /* Info.plist */ = {isa = PBXFileReference; lastKnownFileType = text.plist.xml; path = Info.plist; sourceTree = "<group>"; };
		527E9DEB2457D23500DAD0E1 /* TodoAppUITests.xctest */ = {isa = PBXFileReference; explicitFileType = wrapper.cfbundle; includeInIndex = 0; path = TodoAppUITests.xctest; sourceTree = BUILT_PRODUCTS_DIR; };
		527E9DEF2457D23500DAD0E1 /* TodoAppUITests.swift */ = {isa = PBXFileReference; lastKnownFileType = sourcecode.swift; path = TodoAppUITests.swift; sourceTree = "<group>"; };
		527E9DF12457D23500DAD0E1 /* Info.plist */ = {isa = PBXFileReference; lastKnownFileType = text.plist.xml; path = Info.plist; sourceTree = "<group>"; };
		527E9E002457F68700DAD0E1 /* AppDatabase.swift */ = {isa = PBXFileReference; lastKnownFileType = sourcecode.swift; path = AppDatabase.swift; sourceTree = "<group>"; };
		527E9E03245808E500DAD0E1 /* ToDoTask.swift */ = {isa = PBXFileReference; lastKnownFileType = sourcecode.swift; path = ToDoTask.swift; sourceTree = "<group>"; };
		527E9E052458124000DAD0E1 /* DbContext.swift */ = {isa = PBXFileReference; lastKnownFileType = sourcecode.swift; path = DbContext.swift; sourceTree = "<group>"; };
		527E9E07245812B900DAD0E1 /* DbManager.swift */ = {isa = PBXFileReference; lastKnownFileType = sourcecode.swift; path = DbManager.swift; sourceTree = "<group>"; };
		527E9E092458197800DAD0E1 /* ToDoTaskManager.swift */ = {isa = PBXFileReference; lastKnownFileType = sourcecode.swift; path = ToDoTaskManager.swift; sourceTree = "<group>"; };
		BFDE867D26F2B6F30099D516 /* TestClass.swift */ = {isa = PBXFileReference; lastKnownFileType = sourcecode.swift; path = TestClass.swift; sourceTree = "<group>"; };
/* End PBXFileReference section */

/* Begin PBXFrameworksBuildPhase section */
		527E9DC82457D23400DAD0E1 /* Frameworks */ = {
			isa = PBXFrameworksBuildPhase;
			buildActionMask = 2147483647;
			files = (
				527E9DFF2457D34700DAD0E1 /* RxGRDB in Frameworks */,
			);
			runOnlyForDeploymentPostprocessing = 0;
		};
		527E9DDD2457D23500DAD0E1 /* Frameworks */ = {
			isa = PBXFrameworksBuildPhase;
			buildActionMask = 2147483647;
			files = (
			);
			runOnlyForDeploymentPostprocessing = 0;
		};
		527E9DE82457D23500DAD0E1 /* Frameworks */ = {
			isa = PBXFrameworksBuildPhase;
			buildActionMask = 2147483647;
			files = (
			);
			runOnlyForDeploymentPostprocessing = 0;
		};
/* End PBXFrameworksBuildPhase section */

/* Begin PBXGroup section */
		527E9DC22457D23400DAD0E1 = {
			isa = PBXGroup;
			children = (
				527E9DCD2457D23400DAD0E1 /* TodoApp */,
				527E9DE32457D23500DAD0E1 /* TodoAppTests */,
				527E9DEE2457D23500DAD0E1 /* TodoAppUITests */,
				527E9DCC2457D23400DAD0E1 /* Products */,
			);
			sourceTree = "<group>";
		};
		527E9DCC2457D23400DAD0E1 /* Products */ = {
			isa = PBXGroup;
			children = (
				527E9DCB2457D23400DAD0E1 /* TodoApp.app */,
				527E9DE02457D23500DAD0E1 /* TodoAppTests.xctest */,
				527E9DEB2457D23500DAD0E1 /* TodoAppUITests.xctest */,
			);
			name = Products;
			sourceTree = "<group>";
		};
		527E9DCD2457D23400DAD0E1 /* TodoApp */ = {
			isa = PBXGroup;
			children = (
				527E9DCE2457D23400DAD0E1 /* AppDelegate.swift */,
				527E9E002457F68700DAD0E1 /* AppDatabase.swift */,
				527E9E052458124000DAD0E1 /* DbContext.swift */,
				527E9E022458008800DAD0E1 /* Models */,
				527E9DD22457D23500DAD0E1 /* Assets.xcassets */,
				527E9DD72457D23500DAD0E1 /* Main.storyboard */,
				527E9DDA2457D23500DAD0E1 /* Info.plist */,
				527E9DDB2457D23500DAD0E1 /* TodoApp.entitlements */,
				527E9DD42457D23500DAD0E1 /* Preview Content */,
				BFDE867D26F2B6F30099D516 /* TestClass.swift */,
			);
			path = TodoApp;
			sourceTree = "<group>";
		};
		527E9DD42457D23500DAD0E1 /* Preview Content */ = {
			isa = PBXGroup;
			children = (
				527E9DD52457D23500DAD0E1 /* Preview Assets.xcassets */,
			);
			path = "Preview Content";
			sourceTree = "<group>";
		};
		527E9DE32457D23500DAD0E1 /* TodoAppTests */ = {
			isa = PBXGroup;
			children = (
				527E9DE42457D23500DAD0E1 /* TodoAppTests.swift */,
				527E9DE62457D23500DAD0E1 /* Info.plist */,
			);
			path = TodoAppTests;
			sourceTree = "<group>";
		};
		527E9DEE2457D23500DAD0E1 /* TodoAppUITests */ = {
			isa = PBXGroup;
			children = (
				527E9DEF2457D23500DAD0E1 /* TodoAppUITests.swift */,
				527E9DF12457D23500DAD0E1 /* Info.plist */,
			);
			path = TodoAppUITests;
			sourceTree = "<group>";
		};
		527E9E022458008800DAD0E1 /* Models */ = {
			isa = PBXGroup;
			children = (
				527E9E03245808E500DAD0E1 /* ToDoTask.swift */,
				527E9E07245812B900DAD0E1 /* DbManager.swift */,
				527E9E092458197800DAD0E1 /* ToDoTaskManager.swift */,
			);
			path = Models;
			sourceTree = "<group>";
		};
/* End PBXGroup section */

/* Begin PBXNativeTarget section */
		527E9DCA2457D23400DAD0E1 /* TodoApp */ = {
			isa = PBXNativeTarget;
			buildConfigurationList = 527E9DF42457D23500DAD0E1 /* Build configuration list for PBXNativeTarget "TodoApp" */;
			buildPhases = (
				527E9DC72457D23400DAD0E1 /* Sources */,
				527E9DC82457D23400DAD0E1 /* Frameworks */,
				527E9DC92457D23400DAD0E1 /* Resources */,
			);
			buildRules = (
			);
			dependencies = (
			);
			name = TodoApp;
			packageProductDependencies = (
				527E9DFE2457D34700DAD0E1 /* RxGRDB */,
			);
			productName = TodoApp;
			productReference = 527E9DCB2457D23400DAD0E1 /* TodoApp.app */;
			productType = "com.apple.product-type.application";
		};
		527E9DDF2457D23500DAD0E1 /* TodoAppTests */ = {
			isa = PBXNativeTarget;
			buildConfigurationList = 527E9DF72457D23500DAD0E1 /* Build configuration list for PBXNativeTarget "TodoAppTests" */;
			buildPhases = (
				527E9DDC2457D23500DAD0E1 /* Sources */,
				527E9DDD2457D23500DAD0E1 /* Frameworks */,
				527E9DDE2457D23500DAD0E1 /* Resources */,
			);
			buildRules = (
			);
			dependencies = (
				527E9DE22457D23500DAD0E1 /* PBXTargetDependency */,
			);
			name = TodoAppTests;
			productName = TodoAppTests;
			productReference = 527E9DE02457D23500DAD0E1 /* TodoAppTests.xctest */;
			productType = "com.apple.product-type.bundle.unit-test";
		};
		527E9DEA2457D23500DAD0E1 /* TodoAppUITests */ = {
			isa = PBXNativeTarget;
			buildConfigurationList = 527E9DFA2457D23500DAD0E1 /* Build configuration list for PBXNativeTarget "TodoAppUITests" */;
			buildPhases = (
				527E9DE72457D23500DAD0E1 /* Sources */,
				527E9DE82457D23500DAD0E1 /* Frameworks */,
				527E9DE92457D23500DAD0E1 /* Resources */,
			);
			buildRules = (
			);
			dependencies = (
				527E9DED2457D23500DAD0E1 /* PBXTargetDependency */,
			);
			name = TodoAppUITests;
			productName = TodoAppUITests;
			productReference = 527E9DEB2457D23500DAD0E1 /* TodoAppUITests.xctest */;
			productType = "com.apple.product-type.bundle.ui-testing";
		};
/* End PBXNativeTarget section */

/* Begin PBXProject section */
		527E9DC32457D23400DAD0E1 /* Project object */ = {
			isa = PBXProject;
			attributes = {
				LastSwiftUpdateCheck = 1140;
				LastUpgradeCheck = 1140;
				ORGANIZATIONNAME = "Koki Tanaka";
				TargetAttributes = {
					527E9DCA2457D23400DAD0E1 = {
						CreatedOnToolsVersion = 11.4;
					};
					527E9DDF2457D23500DAD0E1 = {
						CreatedOnToolsVersion = 11.4;
						TestTargetID = 527E9DCA2457D23400DAD0E1;
					};
					527E9DEA2457D23500DAD0E1 = {
						CreatedOnToolsVersion = 11.4;
						TestTargetID = 527E9DCA2457D23400DAD0E1;
					};
				};
			};
			buildConfigurationList = 527E9DC62457D23400DAD0E1 /* Build configuration list for PBXProject "TodoApp" */;
			compatibilityVersion = "Xcode 9.3";
			developmentRegion = en;
			hasScannedForEncodings = 0;
			knownRegions = (
				en,
				Base,
			);
			mainGroup = 527E9DC22457D23400DAD0E1;
			packageReferences = (
				527E9DFD2457D34700DAD0E1 /* XCRemoteSwiftPackageReference "RxGRDB" */,
			);
			productRefGroup = 527E9DCC2457D23400DAD0E1 /* Products */;
			projectDirPath = "";
			projectRoot = "";
			targets = (
				527E9DCA2457D23400DAD0E1 /* TodoApp */,
				527E9DDF2457D23500DAD0E1 /* TodoAppTests */,
				527E9DEA2457D23500DAD0E1 /* TodoAppUITests */,
			);
		};
/* End PBXProject section */

/* Begin PBXResourcesBuildPhase section */
		527E9DC92457D23400DAD0E1 /* Resources */ = {
			isa = PBXResourcesBuildPhase;
			buildActionMask = 2147483647;
			files = (
				527E9DD92457D23500DAD0E1 /* Main.storyboard in Resources */,
				527E9DD62457D23500DAD0E1 /* Preview Assets.xcassets in Resources */,
				527E9DD32457D23500DAD0E1 /* Assets.xcassets in Resources */,
			);
			runOnlyForDeploymentPostprocessing = 0;
		};
		527E9DDE2457D23500DAD0E1 /* Resources */ = {
			isa = PBXResourcesBuildPhase;
			buildActionMask = 2147483647;
			files = (
			);
			runOnlyForDeploymentPostprocessing = 0;
		};
		527E9DE92457D23500DAD0E1 /* Resources */ = {
			isa = PBXResourcesBuildPhase;
			buildActionMask = 2147483647;
			files = (
			);
			runOnlyForDeploymentPostprocessing = 0;
		};
/* End PBXResourcesBuildPhase section */

/* Begin PBXSourcesBuildPhase section */
		527E9DC72457D23400DAD0E1 /* Sources */ = {
			isa = PBXSourcesBuildPhase;
			buildActionMask = 2147483647;
			files = (
				BFDE867E26F2B6F30099D516 /* TestClass.swift in Sources */,
				527E9E012457F68700DAD0E1 /* AppDatabase.swift in Sources */,
				527E9E062458124000DAD0E1 /* DbContext.swift in Sources */,
				527E9E08245812B900DAD0E1 /* DbManager.swift in Sources */,
				527E9E04245808E500DAD0E1 /* ToDoTask.swift in Sources */,
				527E9DCF2457D23400DAD0E1 /* AppDelegate.swift in Sources */,
				527E9E0A2458197800DAD0E1 /* ToDoTaskManager.swift in Sources */,
			);
			runOnlyForDeploymentPostprocessing = 0;
		};
		527E9DDC2457D23500DAD0E1 /* Sources */ = {
			isa = PBXSourcesBuildPhase;
			buildActionMask = 2147483647;
			files = (
				527E9DE52457D23500DAD0E1 /* TodoAppTests.swift in Sources */,
			);
			runOnlyForDeploymentPostprocessing = 0;
		};
		527E9DE72457D23500DAD0E1 /* Sources */ = {
			isa = PBXSourcesBuildPhase;
			buildActionMask = 2147483647;
			files = (
				527E9DF02457D23500DAD0E1 /* TodoAppUITests.swift in Sources */,
			);
			runOnlyForDeploymentPostprocessing = 0;
		};
/* End PBXSourcesBuildPhase section */

/* Begin PBXTargetDependency section */
		527E9DE22457D23500DAD0E1 /* PBXTargetDependency */ = {
			isa = PBXTargetDependency;
			target = 527E9DCA2457D23400DAD0E1 /* TodoApp */;
			targetProxy = 527E9DE12457D23500DAD0E1 /* PBXContainerItemProxy */;
		};
		527E9DED2457D23500DAD0E1 /* PBXTargetDependency */ = {
			isa = PBXTargetDependency;
			target = 527E9DCA2457D23400DAD0E1 /* TodoApp */;
			targetProxy = 527E9DEC2457D23500DAD0E1 /* PBXContainerItemProxy */;
		};
/* End PBXTargetDependency section */

/* Begin PBXVariantGroup section */
		527E9DD72457D23500DAD0E1 /* Main.storyboard */ = {
			isa = PBXVariantGroup;
			children = (
				527E9DD82457D23500DAD0E1 /* Base */,
			);
			name = Main.storyboard;
			sourceTree = "<group>";
		};
/* End PBXVariantGroup section */

/* Begin XCBuildConfiguration section */
		527E9DF22457D23500DAD0E1 /* Debug */ = {
			isa = XCBuildConfiguration;
			buildSettings = {
				ALWAYS_SEARCH_USER_PATHS = NO;
				CLANG_ANALYZER_NONNULL = YES;
				CLANG_ANALYZER_NUMBER_OBJECT_CONVERSION = YES_AGGRESSIVE;
				CLANG_CXX_LANGUAGE_STANDARD = "gnu++14";
				CLANG_CXX_LIBRARY = "libc++";
				CLANG_ENABLE_MODULES = YES;
				CLANG_ENABLE_OBJC_ARC = YES;
				CLANG_ENABLE_OBJC_WEAK = YES;
				CLANG_WARN_BLOCK_CAPTURE_AUTORELEASING = YES;
				CLANG_WARN_BOOL_CONVERSION = YES;
				CLANG_WARN_COMMA = YES;
				CLANG_WARN_CONSTANT_CONVERSION = YES;
				CLANG_WARN_DEPRECATED_OBJC_IMPLEMENTATIONS = YES;
				CLANG_WARN_DIRECT_OBJC_ISA_USAGE = YES_ERROR;
				CLANG_WARN_DOCUMENTATION_COMMENTS = YES;
				CLANG_WARN_EMPTY_BODY = YES;
				CLANG_WARN_ENUM_CONVERSION = YES;
				CLANG_WARN_INFINITE_RECURSION = YES;
				CLANG_WARN_INT_CONVERSION = YES;
				CLANG_WARN_NON_LITERAL_NULL_CONVERSION = YES;
				CLANG_WARN_OBJC_IMPLICIT_RETAIN_SELF = YES;
				CLANG_WARN_OBJC_LITERAL_CONVERSION = YES;
				CLANG_WARN_OBJC_ROOT_CLASS = YES_ERROR;
				CLANG_WARN_RANGE_LOOP_ANALYSIS = YES;
				CLANG_WARN_STRICT_PROTOTYPES = YES;
				CLANG_WARN_SUSPICIOUS_MOVE = YES;
				CLANG_WARN_UNGUARDED_AVAILABILITY = YES_AGGRESSIVE;
				CLANG_WARN_UNREACHABLE_CODE = YES;
				CLANG_WARN__DUPLICATE_METHOD_MATCH = YES;
				COPY_PHASE_STRIP = NO;
				DEBUG_INFORMATION_FORMAT = dwarf;
				ENABLE_STRICT_OBJC_MSGSEND = YES;
				ENABLE_TESTABILITY = YES;
				GCC_C_LANGUAGE_STANDARD = gnu11;
				GCC_DYNAMIC_NO_PIC = NO;
				GCC_NO_COMMON_BLOCKS = YES;
				GCC_OPTIMIZATION_LEVEL = 0;
				GCC_PREPROCESSOR_DEFINITIONS = (
					"DEBUG=1",
					"$(inherited)",
				);
				GCC_WARN_64_TO_32_BIT_CONVERSION = YES;
				GCC_WARN_ABOUT_RETURN_TYPE = YES_ERROR;
				GCC_WARN_UNDECLARED_SELECTOR = YES;
				GCC_WARN_UNINITIALIZED_AUTOS = YES_AGGRESSIVE;
				GCC_WARN_UNUSED_FUNCTION = YES;
				GCC_WARN_UNUSED_VARIABLE = YES;
				MACOSX_DEPLOYMENT_TARGET = 10.15;
				MTL_ENABLE_DEBUG_INFO = INCLUDE_SOURCE;
				MTL_FAST_MATH = YES;
				ONLY_ACTIVE_ARCH = YES;
				SDKROOT = macosx;
				SWIFT_ACTIVE_COMPILATION_CONDITIONS = DEBUG;
				SWIFT_OPTIMIZATION_LEVEL = "-Onone";
			};
			name = Debug;
		};
		527E9DF32457D23500DAD0E1 /* Release */ = {
			isa = XCBuildConfiguration;
			buildSettings = {
				ALWAYS_SEARCH_USER_PATHS = NO;
				CLANG_ANALYZER_NONNULL = YES;
				CLANG_ANALYZER_NUMBER_OBJECT_CONVERSION = YES_AGGRESSIVE;
				CLANG_CXX_LANGUAGE_STANDARD = "gnu++14";
				CLANG_CXX_LIBRARY = "libc++";
				CLANG_ENABLE_MODULES = YES;
				CLANG_ENABLE_OBJC_ARC = YES;
				CLANG_ENABLE_OBJC_WEAK = YES;
				CLANG_WARN_BLOCK_CAPTURE_AUTORELEASING = YES;
				CLANG_WARN_BOOL_CONVERSION = YES;
				CLANG_WARN_COMMA = YES;
				CLANG_WARN_CONSTANT_CONVERSION = YES;
				CLANG_WARN_DEPRECATED_OBJC_IMPLEMENTATIONS = YES;
				CLANG_WARN_DIRECT_OBJC_ISA_USAGE = YES_ERROR;
				CLANG_WARN_DOCUMENTATION_COMMENTS = YES;
				CLANG_WARN_EMPTY_BODY = YES;
				CLANG_WARN_ENUM_CONVERSION = YES;
				CLANG_WARN_INFINITE_RECURSION = YES;
				CLANG_WARN_INT_CONVERSION = YES;
				CLANG_WARN_NON_LITERAL_NULL_CONVERSION = YES;
				CLANG_WARN_OBJC_IMPLICIT_RETAIN_SELF = YES;
				CLANG_WARN_OBJC_LITERAL_CONVERSION = YES;
				CLANG_WARN_OBJC_ROOT_CLASS = YES_ERROR;
				CLANG_WARN_RANGE_LOOP_ANALYSIS = YES;
				CLANG_WARN_STRICT_PROTOTYPES = YES;
				CLANG_WARN_SUSPICIOUS_MOVE = YES;
				CLANG_WARN_UNGUARDED_AVAILABILITY = YES_AGGRESSIVE;
				CLANG_WARN_UNREACHABLE_CODE = YES;
				CLANG_WARN__DUPLICATE_METHOD_MATCH = YES;
				COPY_PHASE_STRIP = NO;
				DEBUG_INFORMATION_FORMAT = "dwarf-with-dsym";
				ENABLE_NS_ASSERTIONS = NO;
				ENABLE_STRICT_OBJC_MSGSEND = YES;
				GCC_C_LANGUAGE_STANDARD = gnu11;
				GCC_NO_COMMON_BLOCKS = YES;
				GCC_WARN_64_TO_32_BIT_CONVERSION = YES;
				GCC_WARN_ABOUT_RETURN_TYPE = YES_ERROR;
				GCC_WARN_UNDECLARED_SELECTOR = YES;
				GCC_WARN_UNINITIALIZED_AUTOS = YES_AGGRESSIVE;
				GCC_WARN_UNUSED_FUNCTION = YES;
				GCC_WARN_UNUSED_VARIABLE = YES;
				MACOSX_DEPLOYMENT_TARGET = 10.15;
				MTL_ENABLE_DEBUG_INFO = NO;
				MTL_FAST_MATH = YES;
				SDKROOT = macosx;
				SWIFT_COMPILATION_MODE = wholemodule;
				SWIFT_OPTIMIZATION_LEVEL = "-O";
			};
			name = Release;
		};
		527E9DF52457D23500DAD0E1 /* Debug */ = {
			isa = XCBuildConfiguration;
			buildSettings = {
				ASSETCATALOG_COMPILER_APPICON_NAME = AppIcon;
				CODE_SIGN_ENTITLEMENTS = TodoApp/TodoApp.entitlements;
				CODE_SIGN_STYLE = Automatic;
				COMBINE_HIDPI_IMAGES = YES;
				DEVELOPMENT_ASSET_PATHS = "\"TodoApp/Preview Content\"";
				DEVELOPMENT_TEAM = N9L2U78Y64;
				ENABLE_HARDENED_RUNTIME = YES;
				ENABLE_PREVIEWS = YES;
				INFOPLIST_FILE = TodoApp/Info.plist;
				LD_RUNPATH_SEARCH_PATHS = (
					"$(inherited)",
					"@executable_path/../Frameworks",
				);
				MACOSX_DEPLOYMENT_TARGET = 10.15;
				PRODUCT_BUNDLE_IDENTIFIER = com.kouairchair.TodoApp;
				PRODUCT_NAME = "$(TARGET_NAME)";
				SWIFT_VERSION = 5.0;
			};
			name = Debug;
		};
		527E9DF62457D23500DAD0E1 /* Release */ = {
			isa = XCBuildConfiguration;
			buildSettings = {
				ASSETCATALOG_COMPILER_APPICON_NAME = AppIcon;
				CODE_SIGN_ENTITLEMENTS = TodoApp/TodoApp.entitlements;
				CODE_SIGN_STYLE = Automatic;
				COMBINE_HIDPI_IMAGES = YES;
				DEVELOPMENT_ASSET_PATHS = "\"TodoApp/Preview Content\"";
				DEVELOPMENT_TEAM = N9L2U78Y64;
				ENABLE_HARDENED_RUNTIME = YES;
				ENABLE_PREVIEWS = YES;
				INFOPLIST_FILE = TodoApp/Info.plist;
				LD_RUNPATH_SEARCH_PATHS = (
					"$(inherited)",
					"@executable_path/../Frameworks",
				);
				MACOSX_DEPLOYMENT_TARGET = 10.15;
				PRODUCT_BUNDLE_IDENTIFIER = com.kouairchair.TodoApp;
				PRODUCT_NAME = "$(TARGET_NAME)";
				SWIFT_VERSION = 5.0;
			};
			name = Release;
		};
		527E9DF82457D23500DAD0E1 /* Debug */ = {
			isa = XCBuildConfiguration;
			buildSettings = {
				ALWAYS_EMBED_SWIFT_STANDARD_LIBRARIES = YES;
				BUNDLE_LOADER = "$(TEST_HOST)";
				CODE_SIGN_STYLE = Automatic;
				COMBINE_HIDPI_IMAGES = YES;
				DEVELOPMENT_TEAM = N9L2U78Y64;
				INFOPLIST_FILE = TodoAppTests/Info.plist;
				LD_RUNPATH_SEARCH_PATHS = (
					"$(inherited)",
					"@executable_path/../Frameworks",
					"@loader_path/../Frameworks",
				);
				MACOSX_DEPLOYMENT_TARGET = 10.15;
				PRODUCT_BUNDLE_IDENTIFIER = com.kouairchair.TodoAppTests;
				PRODUCT_NAME = "$(TARGET_NAME)";
				SWIFT_VERSION = 5.0;
				TEST_HOST = "$(BUILT_PRODUCTS_DIR)/TodoApp.app/Contents/MacOS/TodoApp";
			};
			name = Debug;
		};
		527E9DF92457D23500DAD0E1 /* Release */ = {
			isa = XCBuildConfiguration;
			buildSettings = {
				ALWAYS_EMBED_SWIFT_STANDARD_LIBRARIES = YES;
				BUNDLE_LOADER = "$(TEST_HOST)";
				CODE_SIGN_STYLE = Automatic;
				COMBINE_HIDPI_IMAGES = YES;
				DEVELOPMENT_TEAM = N9L2U78Y64;
				INFOPLIST_FILE = TodoAppTests/Info.plist;
				LD_RUNPATH_SEARCH_PATHS = (
					"$(inherited)",
					"@executable_path/../Frameworks",
					"@loader_path/../Frameworks",
				);
				MACOSX_DEPLOYMENT_TARGET = 10.15;
				PRODUCT_BUNDLE_IDENTIFIER = com.kouairchair.TodoAppTests;
				PRODUCT_NAME = "$(TARGET_NAME)";
				SWIFT_VERSION = 5.0;
				TEST_HOST = "$(BUILT_PRODUCTS_DIR)/TodoApp.app/Contents/MacOS/TodoApp";
			};
			name = Release;
		};
		527E9DFB2457D23500DAD0E1 /* Debug */ = {
			isa = XCBuildConfiguration;
			buildSettings = {
				ALWAYS_EMBED_SWIFT_STANDARD_LIBRARIES = YES;
				CODE_SIGN_STYLE = Automatic;
				COMBINE_HIDPI_IMAGES = YES;
				DEVELOPMENT_TEAM = N9L2U78Y64;
				INFOPLIST_FILE = TodoAppUITests/Info.plist;
				LD_RUNPATH_SEARCH_PATHS = (
					"$(inherited)",
					"@executable_path/../Frameworks",
					"@loader_path/../Frameworks",
				);
				PRODUCT_BUNDLE_IDENTIFIER = com.kouairchair.TodoAppUITests;
				PRODUCT_NAME = "$(TARGET_NAME)";
				SWIFT_VERSION = 5.0;
				TEST_TARGET_NAME = TodoApp;
			};
			name = Debug;
		};
		527E9DFC2457D23500DAD0E1 /* Release */ = {
			isa = XCBuildConfiguration;
			buildSettings = {
				ALWAYS_EMBED_SWIFT_STANDARD_LIBRARIES = YES;
				CODE_SIGN_STYLE = Automatic;
				COMBINE_HIDPI_IMAGES = YES;
				DEVELOPMENT_TEAM = N9L2U78Y64;
				INFOPLIST_FILE = TodoAppUITests/Info.plist;
				LD_RUNPATH_SEARCH_PATHS = (
					"$(inherited)",
					"@executable_path/../Frameworks",
					"@loader_path/../Frameworks",
				);
				PRODUCT_BUNDLE_IDENTIFIER = com.kouairchair.TodoAppUITests;
				PRODUCT_NAME = "$(TARGET_NAME)";
				SWIFT_VERSION = 5.0;
				TEST_TARGET_NAME = TodoApp;
			};
			name = Release;
		};
/* End XCBuildConfiguration section */

/* Begin XCConfigurationList section */
		527E9DC62457D23400DAD0E1 /* Build configuration list for PBXProject "TodoApp" */ = {
			isa = XCConfigurationList;
			buildConfigurations = (
				527E9DF22457D23500DAD0E1 /* Debug */,
				527E9DF32457D23500DAD0E1 /* Release */,
			);
			defaultConfigurationIsVisible = 0;
			defaultConfigurationName = Release;
		};
		527E9DF42457D23500DAD0E1 /* Build configuration list for PBXNativeTarget "TodoApp" */ = {
			isa = XCConfigurationList;
			buildConfigurations = (
				527E9DF52457D23500DAD0E1 /* Debug */,
				527E9DF62457D23500DAD0E1 /* Release */,
			);
			defaultConfigurationIsVisible = 0;
			defaultConfigurationName = Release;
		};
		527E9DF72457D23500DAD0E1 /* Build configuration list for PBXNativeTarget "TodoAppTests" */ = {
			isa = XCConfigurationList;
			buildConfigurations = (
				527E9DF82457D23500DAD0E1 /* Debug */,
				527E9DF92457D23500DAD0E1 /* Release */,
			);
			defaultConfigurationIsVisible = 0;
			defaultConfigurationName = Release;
		};
		527E9DFA2457D23500DAD0E1 /* Build configuration list for PBXNativeTarget "TodoAppUITests" */ = {
			isa = XCConfigurationList;
			buildConfigurations = (
				527E9DFB2457D23500DAD0E1 /* Debug */,
				527E9DFC2457D23500DAD0E1 /* Release */,
			);
			defaultConfigurationIsVisible = 0;
			defaultConfigurationName = Release;
		};
/* End XCConfigurationList section */

/* Begin XCRemoteSwiftPackageReference section */
		527E9DFD2457D34700DAD0E1 /* XCRemoteSwiftPackageReference "RxGRDB" */ = {
			isa = XCRemoteSwiftPackageReference;
			repositoryURL = "https://github.com/RxSwiftCommunity/RxGRDB.git";
			requirement = {
				kind = upToNextMajorVersion;
				minimumVersion = 0.18.0;
			};
		};
/* End XCRemoteSwiftPackageReference section */

/* Begin XCSwiftPackageProductDependency section */
		527E9DFE2457D34700DAD0E1 /* RxGRDB */ = {
			isa = XCSwiftPackageProductDependency;
			package = 527E9DFD2457D34700DAD0E1 /* XCRemoteSwiftPackageReference "RxGRDB" */;
			productName = RxGRDB;
		};
/* End XCSwiftPackageProductDependency section */
	};
	rootObject = 527E9DC32457D23400DAD0E1 /* Project object */;
}
